
Microsoft Visual Studio Solution File, Format Version 12.00
# Visual Studio 15
VisualStudioVersion = 15.0.27428.2015
MinimumVisualStudioVersion = 10.0.40219.1
Project("{FAE04EC0-301F-11D3-BF4B-00C04F79EFBC}") = "Calculator", "Calculator\Calculator.csproj", "{C58807B6-E868-4294-8817-F3A2F66A8D91}"
EndProject
Project("{FAE04EC0-301F-11D3-BF4B-00C04F79EFBC}") = "TemperatureConverter", "TemperatureConverter\TemperatureConverter.csproj", "{9AF19054-D656-4342-97DC-00FFD6A5A60B}"
EndProject
Project("{FAE04EC0-301F-11D3-BF4B-00C04F79EFBC}") = "DeliveryForm", "DeliveryForm\DeliveryForm.csproj", "{59D4641F-5E46-4564-8FB0-F89DE491A8E9}"
EndProject
Global
	GlobalSection(SolutionConfigurationPlatforms) = preSolution
		Debug|Any CPU = Debug|Any CPU
		Release|Any CPU = Release|Any CPU
	EndGlobalSection
	GlobalSection(ProjectConfigurationPlatforms) = postSolution
		{C58807B6-E868-4294-8817-F3A2F66A8D91}.Debug|Any CPU.ActiveCfg = Debug|Any CPU
		{C58807B6-E868-4294-8817-F3A2F66A8D91}.Debug|Any CPU.Build.0 = Debug|Any CPU
		{C58807B6-E868-4294-8817-F3A2F66A8D91}.Release|Any CPU.ActiveCfg = Release|Any CPU
		{C58807B6-E868-4294-8817-F3A2F66A8D91}.Release|Any CPU.Build.0 = Release|Any CPU
		{9AF19054-D656-4342-97DC-00FFD6A5A60B}.Debug|Any CPU.ActiveCfg = Debug|Any CPU
		{9AF19054-D656-4342-97DC-00FFD6A5A60B}.Debug|Any CPU.Build.0 = Debug|Any CPU
		{9AF19054-D656-4342-97DC-00FFD6A5A60B}.Release|Any CPU.ActiveCfg = Release|Any CPU
		{9AF19054-D656-4342-97DC-00FFD6A5A60B}.Release|Any CPU.Build.0 = Release|Any CPU
		{59D4641F-5E46-4564-8FB0-F89DE491A8E9}.Debug|Any CPU.ActiveCfg = Debug|Any CPU
		{59D4641F-5E46-4564-8FB0-F89DE491A8E9}.Debug|Any CPU.Build.0 = Debug|Any CPU
		{59D4641F-5E46-4564-8FB0-F89DE491A8E9}.Release|Any CPU.ActiveCfg = Release|Any CPU
		{59D4641F-5E46-4564-8FB0-F89DE491A8E9}.Release|Any CPU.Build.0 = Release|Any CPU
	EndGlobalSection
	GlobalSection(SolutionProperties) = preSolution
		HideSolutionNode = FALSE
	EndGlobalSection
	GlobalSection(ExtensibilityGlobals) = postSolution
		SolutionGuid = {049D5AEA-57A0-41E0-BA0B-08109651440E}
	EndGlobalSection
EndGlobal
